
Microsoft Visual Studio Solution File, Format Version 12.00
# Visual Studio 2012
Project("{FAE04EC0-301F-11D3-BF4B-00C04F79EFBC}") = "4Soils", "4Soils\4Soils.csproj", "{E8423A99-EDBD-47CF-9339-3E0C70D2F68E}"
EndProject
Global
	GlobalSection(SolutionConfigurationPlatforms) = preSolution
		Debug|Any CPU = Debug|Any CPU
		Release|Any CPU = Release|Any CPU
	EndGlobalSection
	GlobalSection(ProjectConfigurationPlatforms) = postSolution
		{E8423A99-EDBD-47CF-9339-3E0C70D2F68E}.Debug|Any CPU.ActiveCfg = Debug|Any CPU
		{E8423A99-EDBD-47CF-9339-3E0C70D2F68E}.Debug|Any CPU.Build.0 = Debug|Any CPU
		{E8423A99-EDBD-47CF-9339-3E0C70D2F68E}.Release|Any CPU.ActiveCfg = Release|Any CPU
		{E8423A99-EDBD-47CF-9339-3E0C70D2F68E}.Release|Any CPU.Build.0 = Release|Any CPU
	EndGlobalSection
EndGlobal
